// !$*UTF8*$!
{
	archiveVersion = 1;
	classes = {
	};
	objectVersion = 46;
	objects = {

/* Begin PBXBuildFile section */
		740BA7511CE029180019AAA0 /* AppDelegate.swift in Sources */ = {isa = PBXBuildFile; fileRef = 740BA7501CE029180019AAA0 /* AppDelegate.swift */; };
		740BA7531CE029180019AAA0 /* ViewController.swift in Sources */ = {isa = PBXBuildFile; fileRef = 740BA7521CE029180019AAA0 /* ViewController.swift */; };
		740BA7561CE029180019AAA0 /* Main.storyboard in Resources */ = {isa = PBXBuildFile; fileRef = 740BA7541CE029180019AAA0 /* Main.storyboard */; };
		740BA7581CE029180019AAA0 /* Assets.xcassets in Resources */ = {isa = PBXBuildFile; fileRef = 740BA7571CE029180019AAA0 /* Assets.xcassets */; };
		740BA75B1CE029180019AAA0 /* LaunchScreen.storyboard in Resources */ = {isa = PBXBuildFile; fileRef = 740BA7591CE029180019AAA0 /* LaunchScreen.storyboard */; };
		740BA7691CE02B240019AAA0 /* AppDelegate.swift in Sources */ = {isa = PBXBuildFile; fileRef = 740BA7681CE02B240019AAA0 /* AppDelegate.swift */; };
		740BA76B1CE02B240019AAA0 /* ViewController.swift in Sources */ = {isa = PBXBuildFile; fileRef = 740BA76A1CE02B240019AAA0 /* ViewController.swift */; };
		740BA76E1CE02B240019AAA0 /* Main.storyboard in Resources */ = {isa = PBXBuildFile; fileRef = 740BA76C1CE02B240019AAA0 /* Main.storyboard */; };
		740BA7701CE02B240019AAA0 /* Assets.xcassets in Resources */ = {isa = PBXBuildFile; fileRef = 740BA76F1CE02B240019AAA0 /* Assets.xcassets */; };
		740BA7731CE02B240019AAA0 /* LaunchScreen.storyboard in Resources */ = {isa = PBXBuildFile; fileRef = 740BA7711CE02B240019AAA0 /* LaunchScreen.storyboard */; };
		740BA7791CE02B630019AAA0 /* CXYCarouselView.swift in Sources */ = {isa = PBXBuildFile; fileRef = 740BA7781CE02B630019AAA0 /* CXYCarouselView.swift */; };
		740BA7811CE089DC0019AAA0 /* AppDelegate.swift in Sources */ = {isa = PBXBuildFile; fileRef = 740BA7801CE089DC0019AAA0 /* AppDelegate.swift */; };
		740BA7861CE089DC0019AAA0 /* Main.storyboard in Resources */ = {isa = PBXBuildFile; fileRef = 740BA7841CE089DC0019AAA0 /* Main.storyboard */; };
		740BA7881CE089DC0019AAA0 /* Assets.xcassets in Resources */ = {isa = PBXBuildFile; fileRef = 740BA7871CE089DC0019AAA0 /* Assets.xcassets */; };
		740BA78B1CE089DC0019AAA0 /* LaunchScreen.storyboard in Resources */ = {isa = PBXBuildFile; fileRef = 740BA7891CE089DC0019AAA0 /* LaunchScreen.storyboard */; };
		740BA7911CE08A9B0019AAA0 /* SectionController.swift in Sources */ = {isa = PBXBuildFile; fileRef = 740BA7901CE08A9B0019AAA0 /* SectionController.swift */; };
		741440AA1D0FDFED00632939 /* AppDelegate.swift in Sources */ = {isa = PBXBuildFile; fileRef = 741440A91D0FDFED00632939 /* AppDelegate.swift */; };
		741440AF1D0FDFED00632939 /* Main.storyboard in Resources */ = {isa = PBXBuildFile; fileRef = 741440AD1D0FDFED00632939 /* Main.storyboard */; };
		741440B11D0FDFED00632939 /* Assets.xcassets in Resources */ = {isa = PBXBuildFile; fileRef = 741440B01D0FDFED00632939 /* Assets.xcassets */; };
		741440B41D0FDFED00632939 /* LaunchScreen.storyboard in Resources */ = {isa = PBXBuildFile; fileRef = 741440B21D0FDFED00632939 /* LaunchScreen.storyboard */; };
		741440BA1D0FE35A00632939 /* PresentingController.swift in Sources */ = {isa = PBXBuildFile; fileRef = 741440B91D0FE35A00632939 /* PresentingController.swift */; };
		741440BC1D0FE36B00632939 /* PresentedController.swift in Sources */ = {isa = PBXBuildFile; fileRef = 741440BB1D0FE36B00632939 /* PresentedController.swift */; };
		741440BE1D0FE3B300632939 /* MyPresentationController.swift in Sources */ = {isa = PBXBuildFile; fileRef = 741440BD1D0FE3B300632939 /* MyPresentationController.swift */; };
		743CB8CE1D16892800F7A057 /* MyPresentAnimatedTransitioning.swift in Sources */ = {isa = PBXBuildFile; fileRef = 743CB8CD1D16892800F7A057 /* MyPresentAnimatedTransitioning.swift */; };
		743CB8D01D16894200F7A057 /* MyDismissAnimatedTransitioning.swift in Sources */ = {isa = PBXBuildFile; fileRef = 743CB8CF1D16894200F7A057 /* MyDismissAnimatedTransitioning.swift */; };
		7481CA8D1CF542D700B320FC /* AppDelegate.swift in Sources */ = {isa = PBXBuildFile; fileRef = 7481CA8C1CF542D700B320FC /* AppDelegate.swift */; };
		7481CA921CF542D700B320FC /* Main.storyboard in Resources */ = {isa = PBXBuildFile; fileRef = 7481CA901CF542D700B320FC /* Main.storyboard */; };
		7481CA941CF542D700B320FC /* Assets.xcassets in Resources */ = {isa = PBXBuildFile; fileRef = 7481CA931CF542D700B320FC /* Assets.xcassets */; };
		7481CA971CF542D700B320FC /* LaunchScreen.storyboard in Resources */ = {isa = PBXBuildFile; fileRef = 7481CA951CF542D700B320FC /* LaunchScreen.storyboard */; };
		7481CA9D1CF5431100B320FC /* BaseTableViewController.swift in Sources */ = {isa = PBXBuildFile; fileRef = 7481CA9C1CF5431100B320FC /* BaseTableViewController.swift */; };
		7481CA9F1CF5781200B320FC /* MainViewController.swift in Sources */ = {isa = PBXBuildFile; fileRef = 7481CA9E1CF5781200B320FC /* MainViewController.swift */; };
		7481CAA11CF5784700B320FC /* ResultsViewController.swift in Sources */ = {isa = PBXBuildFile; fileRef = 7481CAA01CF5784700B320FC /* ResultsViewController.swift */; };
		7481CAA51CF5795100B320FC /* Member.swift in Sources */ = {isa = PBXBuildFile; fileRef = 7481CAA41CF5795100B320FC /* Member.swift */; };
		7481CAA71CF57D4200B320FC /* TableCell.xib in Resources */ = {isa = PBXBuildFile; fileRef = 7481CAA61CF57D4200B320FC /* TableCell.xib */; };
		74A35F311CE0DD3E00C62F1D /* HeaderView.swift in Sources */ = {isa = PBXBuildFile; fileRef = 74A35F301CE0DD3E00C62F1D /* HeaderView.swift */; };
		74A35F331CE0DD6300C62F1D /* HeaderView.xib in Resources */ = {isa = PBXBuildFile; fileRef = 74A35F321CE0DD6300C62F1D /* HeaderView.xib */; };
/* End PBXBuildFile section */

/* Begin PBXFileReference section */
		740BA74D1CE029180019AAA0 /* Demo.app */ = {isa = PBXFileReference; explicitFileType = wrapper.application; includeInIndex = 0; path = Demo.app; sourceTree = BUILT_PRODUCTS_DIR; };
		740BA7501CE029180019AAA0 /* AppDelegate.swift */ = {isa = PBXFileReference; lastKnownFileType = sourcecode.swift; path = AppDelegate.swift; sourceTree = "<group>"; };
		740BA7521CE029180019AAA0 /* ViewController.swift */ = {isa = PBXFileReference; lastKnownFileType = sourcecode.swift; path = ViewController.swift; sourceTree = "<group>"; };
		740BA7551CE029180019AAA0 /* Base */ = {isa = PBXFileReference; lastKnownFileType = file.storyboard; name = Base; path = Base.lproj/Main.storyboard; sourceTree = "<group>"; };
		740BA7571CE029180019AAA0 /* Assets.xcassets */ = {isa = PBXFileReference; lastKnownFileType = folder.assetcatalog; path = Assets.xcassets; sourceTree = "<group>"; };
		740BA75A1CE029180019AAA0 /* Base */ = {isa = PBXFileReference; lastKnownFileType = file.storyboard; name = Base; path = Base.lproj/LaunchScreen.storyboard; sourceTree = "<group>"; };
		740BA75C1CE029180019AAA0 /* Info.plist */ = {isa = PBXFileReference; lastKnownFileType = text.plist.xml; path = Info.plist; sourceTree = "<group>"; };
		740BA7661CE02B240019AAA0 /* CarouselViewDemo.app */ = {isa = PBXFileReference; explicitFileType = wrapper.application; includeInIndex = 0; path = CarouselViewDemo.app; sourceTree = BUILT_PRODUCTS_DIR; };
		740BA7681CE02B240019AAA0 /* AppDelegate.swift */ = {isa = PBXFileReference; lastKnownFileType = sourcecode.swift; path = AppDelegate.swift; sourceTree = "<group>"; };
		740BA76A1CE02B240019AAA0 /* ViewController.swift */ = {isa = PBXFileReference; lastKnownFileType = sourcecode.swift; path = ViewController.swift; sourceTree = "<group>"; };
		740BA76D1CE02B240019AAA0 /* Base */ = {isa = PBXFileReference; lastKnownFileType = file.storyboard; name = Base; path = Base.lproj/Main.storyboard; sourceTree = "<group>"; };
		740BA76F1CE02B240019AAA0 /* Assets.xcassets */ = {isa = PBXFileReference; lastKnownFileType = folder.assetcatalog; path = Assets.xcassets; sourceTree = "<group>"; };
		740BA7721CE02B240019AAA0 /* Base */ = {isa = PBXFileReference; lastKnownFileType = file.storyboard; name = Base; path = Base.lproj/LaunchScreen.storyboard; sourceTree = "<group>"; };
		740BA7741CE02B240019AAA0 /* Info.plist */ = {isa = PBXFileReference; lastKnownFileType = text.plist.xml; path = Info.plist; sourceTree = "<group>"; };
		740BA7781CE02B630019AAA0 /* CXYCarouselView.swift */ = {isa = PBXFileReference; fileEncoding = 4; lastKnownFileType = sourcecode.swift; path = CXYCarouselView.swift; sourceTree = "<group>"; };
		740BA77E1CE089DC0019AAA0 /* Expandable_TableView.app */ = {isa = PBXFileReference; explicitFileType = wrapper.application; includeInIndex = 0; path = Expandable_TableView.app; sourceTree = BUILT_PRODUCTS_DIR; };
		740BA7801CE089DC0019AAA0 /* AppDelegate.swift */ = {isa = PBXFileReference; lastKnownFileType = sourcecode.swift; path = AppDelegate.swift; sourceTree = "<group>"; };
		740BA7851CE089DC0019AAA0 /* Base */ = {isa = PBXFileReference; lastKnownFileType = file.storyboard; name = Base; path = Base.lproj/Main.storyboard; sourceTree = "<group>"; };
		740BA7871CE089DC0019AAA0 /* Assets.xcassets */ = {isa = PBXFileReference; lastKnownFileType = folder.assetcatalog; path = Assets.xcassets; sourceTree = "<group>"; };
		740BA78A1CE089DC0019AAA0 /* Base */ = {isa = PBXFileReference; lastKnownFileType = file.storyboard; name = Base; path = Base.lproj/LaunchScreen.storyboard; sourceTree = "<group>"; };
		740BA78C1CE089DC0019AAA0 /* Info.plist */ = {isa = PBXFileReference; lastKnownFileType = text.plist.xml; path = Info.plist; sourceTree = "<group>"; };
		740BA7901CE08A9B0019AAA0 /* SectionController.swift */ = {isa = PBXFileReference; fileEncoding = 4; lastKnownFileType = sourcecode.swift; path = SectionController.swift; sourceTree = "<group>"; };
		741440911D0FDF2000632939 /* PresentViewController.app */ = {isa = PBXFileReference; explicitFileType = wrapper.application; includeInIndex = 0; path = PresentViewController.app; sourceTree = BUILT_PRODUCTS_DIR; };
		741440A71D0FDFED00632939 /* PresentationController.app */ = {isa = PBXFileReference; explicitFileType = wrapper.application; includeInIndex = 0; path = PresentationController.app; sourceTree = BUILT_PRODUCTS_DIR; };
		741440A91D0FDFED00632939 /* AppDelegate.swift */ = {isa = PBXFileReference; lastKnownFileType = sourcecode.swift; path = AppDelegate.swift; sourceTree = "<group>"; };
		741440AE1D0FDFED00632939 /* Base */ = {isa = PBXFileReference; lastKnownFileType = file.storyboard; name = Base; path = Base.lproj/Main.storyboard; sourceTree = "<group>"; };
		741440B01D0FDFED00632939 /* Assets.xcassets */ = {isa = PBXFileReference; lastKnownFileType = folder.assetcatalog; path = Assets.xcassets; sourceTree = "<group>"; };
		741440B31D0FDFED00632939 /* Base */ = {isa = PBXFileReference; lastKnownFileType = file.storyboard; name = Base; path = Base.lproj/LaunchScreen.storyboard; sourceTree = "<group>"; };
		741440B51D0FDFED00632939 /* Info.plist */ = {isa = PBXFileReference; lastKnownFileType = text.plist.xml; path = Info.plist; sourceTree = "<group>"; };
		741440B91D0FE35A00632939 /* PresentingController.swift */ = {isa = PBXFileReference; fileEncoding = 4; lastKnownFileType = sourcecode.swift; path = PresentingController.swift; sourceTree = "<group>"; };
		741440BB1D0FE36B00632939 /* PresentedController.swift */ = {isa = PBXFileReference; fileEncoding = 4; lastKnownFileType = sourcecode.swift; path = PresentedController.swift; sourceTree = "<group>"; };
		741440BD1D0FE3B300632939 /* MyPresentationController.swift */ = {isa = PBXFileReference; fileEncoding = 4; lastKnownFileType = sourcecode.swift; path = MyPresentationController.swift; sourceTree = "<group>"; };
		743CB8CD1D16892800F7A057 /* MyPresentAnimatedTransitioning.swift */ = {isa = PBXFileReference; fileEncoding = 4; lastKnownFileType = sourcecode.swift; path = MyPresentAnimatedTransitioning.swift; sourceTree = "<group>"; };
		743CB8CF1D16894200F7A057 /* MyDismissAnimatedTransitioning.swift */ = {isa = PBXFileReference; fileEncoding = 4; lastKnownFileType = sourcecode.swift; path = MyDismissAnimatedTransitioning.swift; sourceTree = "<group>"; };
		7481CA8A1CF542D700B320FC /* TableSearch.app */ = {isa = PBXFileReference; explicitFileType = wrapper.application; includeInIndex = 0; path = TableSearch.app; sourceTree = BUILT_PRODUCTS_DIR; };
		7481CA8C1CF542D700B320FC /* AppDelegate.swift */ = {isa = PBXFileReference; lastKnownFileType = sourcecode.swift; path = AppDelegate.swift; sourceTree = "<group>"; };
		7481CA911CF542D700B320FC /* Base */ = {isa = PBXFileReference; lastKnownFileType = file.storyboard; name = Base; path = Base.lproj/Main.storyboard; sourceTree = "<group>"; };
		7481CA931CF542D700B320FC /* Assets.xcassets */ = {isa = PBXFileReference; lastKnownFileType = folder.assetcatalog; path = Assets.xcassets; sourceTree = "<group>"; };
		7481CA961CF542D700B320FC /* Base */ = {isa = PBXFileReference; lastKnownFileType = file.storyboard; name = Base; path = Base.lproj/LaunchScreen.storyboard; sourceTree = "<group>"; };
		7481CA981CF542D700B320FC /* Info.plist */ = {isa = PBXFileReference; lastKnownFileType = text.plist.xml; path = Info.plist; sourceTree = "<group>"; };
		7481CA9C1CF5431100B320FC /* BaseTableViewController.swift */ = {isa = PBXFileReference; fileEncoding = 4; lastKnownFileType = sourcecode.swift; path = BaseTableViewController.swift; sourceTree = "<group>"; };
		7481CA9E1CF5781200B320FC /* MainViewController.swift */ = {isa = PBXFileReference; fileEncoding = 4; lastKnownFileType = sourcecode.swift; path = MainViewController.swift; sourceTree = "<group>"; };
		7481CAA01CF5784700B320FC /* ResultsViewController.swift */ = {isa = PBXFileReference; fileEncoding = 4; lastKnownFileType = sourcecode.swift; path = ResultsViewController.swift; sourceTree = "<group>"; };
		7481CAA41CF5795100B320FC /* Member.swift */ = {isa = PBXFileReference; fileEncoding = 4; lastKnownFileType = sourcecode.swift; path = Member.swift; sourceTree = "<group>"; };
		7481CAA61CF57D4200B320FC /* TableCell.xib */ = {isa = PBXFileReference; fileEncoding = 4; lastKnownFileType = file.xib; path = TableCell.xib; sourceTree = "<group>"; };
		74A35F301CE0DD3E00C62F1D /* HeaderView.swift */ = {isa = PBXFileReference; fileEncoding = 4; lastKnownFileType = sourcecode.swift; path = HeaderView.swift; sourceTree = "<group>"; };
		74A35F321CE0DD6300C62F1D /* HeaderView.xib */ = {isa = PBXFileReference; fileEncoding = 4; lastKnownFileType = file.xib; path = HeaderView.xib; sourceTree = "<group>"; };
/* End PBXFileReference section */

/* Begin PBXFrameworksBuildPhase section */
		740BA74A1CE029180019AAA0 /* Frameworks */ = {
			isa = PBXFrameworksBuildPhase;
			buildActionMask = 2147483647;
			files = (
			);
			runOnlyForDeploymentPostprocessing = 0;
		};
		740BA7631CE02B240019AAA0 /* Frameworks */ = {
			isa = PBXFrameworksBuildPhase;
			buildActionMask = 2147483647;
			files = (
			);
			runOnlyForDeploymentPostprocessing = 0;
		};
		740BA77B1CE089DC0019AAA0 /* Frameworks */ = {
			isa = PBXFrameworksBuildPhase;
			buildActionMask = 2147483647;
			files = (
			);
			runOnlyForDeploymentPostprocessing = 0;
		};
		7414408E1D0FDF2000632939 /* Frameworks */ = {
			isa = PBXFrameworksBuildPhase;
			buildActionMask = 2147483647;
			files = (
			);
			runOnlyForDeploymentPostprocessing = 0;
		};
		741440A41D0FDFED00632939 /* Frameworks */ = {
			isa = PBXFrameworksBuildPhase;
			buildActionMask = 2147483647;
			files = (
			);
			runOnlyForDeploymentPostprocessing = 0;
		};
		7481CA871CF542D700B320FC /* Frameworks */ = {
			isa = PBXFrameworksBuildPhase;
			buildActionMask = 2147483647;
			files = (
			);
			runOnlyForDeploymentPostprocessing = 0;
		};
/* End PBXFrameworksBuildPhase section */

/* Begin PBXGroup section */
		740BA7441CE029180019AAA0 = {
			isa = PBXGroup;
			children = (
				740BA74F1CE029180019AAA0 /* Demo */,
				740BA7671CE02B240019AAA0 /* CarouselViewDemo */,
				740BA77F1CE089DC0019AAA0 /* Expandable_TableView */,
				7481CA8B1CF542D700B320FC /* TableSearch */,
				741440A81D0FDFED00632939 /* PresentationController */,
				740BA74E1CE029180019AAA0 /* Products */,
			);
			sourceTree = "<group>";
		};
		740BA74E1CE029180019AAA0 /* Products */ = {
			isa = PBXGroup;
			children = (
				740BA74D1CE029180019AAA0 /* Demo.app */,
				740BA7661CE02B240019AAA0 /* CarouselViewDemo.app */,
				740BA77E1CE089DC0019AAA0 /* Expandable_TableView.app */,
				7481CA8A1CF542D700B320FC /* TableSearch.app */,
				741440911D0FDF2000632939 /* PresentViewController.app */,
				741440A71D0FDFED00632939 /* PresentationController.app */,
			);
			name = Products;
			sourceTree = "<group>";
		};
		740BA74F1CE029180019AAA0 /* Demo */ = {
			isa = PBXGroup;
			children = (
				740BA7501CE029180019AAA0 /* AppDelegate.swift */,
				740BA7521CE029180019AAA0 /* ViewController.swift */,
				740BA7541CE029180019AAA0 /* Main.storyboard */,
				740BA7571CE029180019AAA0 /* Assets.xcassets */,
				740BA7591CE029180019AAA0 /* LaunchScreen.storyboard */,
				740BA75C1CE029180019AAA0 /* Info.plist */,
			);
			path = Demo;
			sourceTree = "<group>";
		};
		740BA7671CE02B240019AAA0 /* CarouselViewDemo */ = {
			isa = PBXGroup;
			children = (
				740BA7681CE02B240019AAA0 /* AppDelegate.swift */,
				740BA76A1CE02B240019AAA0 /* ViewController.swift */,
				740BA7781CE02B630019AAA0 /* CXYCarouselView.swift */,
				740BA76C1CE02B240019AAA0 /* Main.storyboard */,
				740BA76F1CE02B240019AAA0 /* Assets.xcassets */,
				740BA7711CE02B240019AAA0 /* LaunchScreen.storyboard */,
				740BA7741CE02B240019AAA0 /* Info.plist */,
			);
			path = CarouselViewDemo;
			sourceTree = "<group>";
		};
		740BA77F1CE089DC0019AAA0 /* Expandable_TableView */ = {
			isa = PBXGroup;
			children = (
				740BA7801CE089DC0019AAA0 /* AppDelegate.swift */,
				740BA7841CE089DC0019AAA0 /* Main.storyboard */,
				74A35F301CE0DD3E00C62F1D /* HeaderView.swift */,
				74A35F321CE0DD6300C62F1D /* HeaderView.xib */,
				740BA7901CE08A9B0019AAA0 /* SectionController.swift */,
				740BA7871CE089DC0019AAA0 /* Assets.xcassets */,
				740BA7891CE089DC0019AAA0 /* LaunchScreen.storyboard */,
				740BA78C1CE089DC0019AAA0 /* Info.plist */,
			);
			path = Expandable_TableView;
			sourceTree = "<group>";
		};
		741440A81D0FDFED00632939 /* PresentationController */ = {
			isa = PBXGroup;
			children = (
				741440A91D0FDFED00632939 /* AppDelegate.swift */,
				741440B91D0FE35A00632939 /* PresentingController.swift */,
				741440BB1D0FE36B00632939 /* PresentedController.swift */,
				741440BD1D0FE3B300632939 /* MyPresentationController.swift */,
				743CB8CD1D16892800F7A057 /* MyPresentAnimatedTransitioning.swift */,
				743CB8CF1D16894200F7A057 /* MyDismissAnimatedTransitioning.swift */,
				741440AD1D0FDFED00632939 /* Main.storyboard */,
				741440B01D0FDFED00632939 /* Assets.xcassets */,
				741440B21D0FDFED00632939 /* LaunchScreen.storyboard */,
				741440B51D0FDFED00632939 /* Info.plist */,
			);
			path = PresentationController;
			sourceTree = "<group>";
		};
		7481CA8B1CF542D700B320FC /* TableSearch */ = {
			isa = PBXGroup;
			children = (
				7481CA8C1CF542D700B320FC /* AppDelegate.swift */,
				7481CA9C1CF5431100B320FC /* BaseTableViewController.swift */,
				7481CA9E1CF5781200B320FC /* MainViewController.swift */,
				7481CAA01CF5784700B320FC /* ResultsViewController.swift */,
				7481CAA41CF5795100B320FC /* Member.swift */,
				7481CAA61CF57D4200B320FC /* TableCell.xib */,
				7481CA901CF542D700B320FC /* Main.storyboard */,
				7481CA931CF542D700B320FC /* Assets.xcassets */,
				7481CA951CF542D700B320FC /* LaunchScreen.storyboard */,
				7481CA981CF542D700B320FC /* Info.plist */,
			);
			path = TableSearch;
			sourceTree = "<group>";
		};
/* End PBXGroup section */

/* Begin PBXNativeTarget section */
		740BA74C1CE029180019AAA0 /* Demo */ = {
			isa = PBXNativeTarget;
			buildConfigurationList = 740BA75F1CE029180019AAA0 /* Build configuration list for PBXNativeTarget "Demo" */;
			buildPhases = (
				740BA7491CE029180019AAA0 /* Sources */,
				740BA74A1CE029180019AAA0 /* Frameworks */,
				740BA74B1CE029180019AAA0 /* Resources */,
			);
			buildRules = (
			);
			dependencies = (
			);
			name = Demo;
			productName = Demo;
			productReference = 740BA74D1CE029180019AAA0 /* Demo.app */;
			productType = "com.apple.product-type.application";
		};
		740BA7651CE02B240019AAA0 /* CarouselViewDemo */ = {
			isa = PBXNativeTarget;
			buildConfigurationList = 740BA7751CE02B240019AAA0 /* Build configuration list for PBXNativeTarget "CarouselViewDemo" */;
			buildPhases = (
				740BA7621CE02B240019AAA0 /* Sources */,
				740BA7631CE02B240019AAA0 /* Frameworks */,
				740BA7641CE02B240019AAA0 /* Resources */,
			);
			buildRules = (
			);
			dependencies = (
			);
			name = CarouselViewDemo;
			productName = CarouselViewDemo;
			productReference = 740BA7661CE02B240019AAA0 /* CarouselViewDemo.app */;
			productType = "com.apple.product-type.application";
		};
		740BA77D1CE089DC0019AAA0 /* Expandable_TableView */ = {
			isa = PBXNativeTarget;
			buildConfigurationList = 740BA78D1CE089DC0019AAA0 /* Build configuration list for PBXNativeTarget "Expandable_TableView" */;
			buildPhases = (
				740BA77A1CE089DC0019AAA0 /* Sources */,
				740BA77B1CE089DC0019AAA0 /* Frameworks */,
				740BA77C1CE089DC0019AAA0 /* Resources */,
			);
			buildRules = (
			);
			dependencies = (
			);
			name = Expandable_TableView;
			productName = Expandable_TableView;
			productReference = 740BA77E1CE089DC0019AAA0 /* Expandable_TableView.app */;
			productType = "com.apple.product-type.application";
		};
		741440901D0FDF2000632939 /* PresentViewController */ = {
			isa = PBXNativeTarget;
			buildConfigurationList = 741440A21D0FDF2000632939 /* Build configuration list for PBXNativeTarget "PresentViewController" */;
			buildPhases = (
				7414408D1D0FDF2000632939 /* Sources */,
				7414408E1D0FDF2000632939 /* Frameworks */,
				7414408F1D0FDF2000632939 /* Resources */,
			);
			buildRules = (
			);
			dependencies = (
			);
			name = PresentViewController;
			productName = PresentViewController;
			productReference = 741440911D0FDF2000632939 /* PresentViewController.app */;
			productType = "com.apple.product-type.application";
		};
		741440A61D0FDFED00632939 /* PresentationController */ = {
			isa = PBXNativeTarget;
			buildConfigurationList = 741440B61D0FDFED00632939 /* Build configuration list for PBXNativeTarget "PresentationController" */;
			buildPhases = (
				741440A31D0FDFED00632939 /* Sources */,
				741440A41D0FDFED00632939 /* Frameworks */,
				741440A51D0FDFED00632939 /* Resources */,
			);
			buildRules = (
			);
			dependencies = (
			);
			name = PresentationController;
			productName = PresentationController;
			productReference = 741440A71D0FDFED00632939 /* PresentationController.app */;
			productType = "com.apple.product-type.application";
		};
		7481CA891CF542D700B320FC /* TableSearch */ = {
			isa = PBXNativeTarget;
			buildConfigurationList = 7481CA9B1CF542D700B320FC /* Build configuration list for PBXNativeTarget "TableSearch" */;
			buildPhases = (
				7481CA861CF542D700B320FC /* Sources */,
				7481CA871CF542D700B320FC /* Frameworks */,
				7481CA881CF542D700B320FC /* Resources */,
			);
			buildRules = (
			);
			dependencies = (
			);
			name = TableSearch;
			productName = TableSearch;
			productReference = 7481CA8A1CF542D700B320FC /* TableSearch.app */;
			productType = "com.apple.product-type.application";
		};
/* End PBXNativeTarget section */

/* Begin PBXProject section */
		740BA7451CE029180019AAA0 /* Project object */ = {
			isa = PBXProject;
			attributes = {
				LastSwiftUpdateCheck = 0730;
				LastUpgradeCheck = 0730;
				ORGANIZATIONNAME = "___CHEN___";
				TargetAttributes = {
					740BA74C1CE029180019AAA0 = {
						CreatedOnToolsVersion = 7.3;
					};
					740BA7651CE02B240019AAA0 = {
						CreatedOnToolsVersion = 7.3;
					};
					740BA77D1CE089DC0019AAA0 = {
						CreatedOnToolsVersion = 7.3;
					};
					741440901D0FDF2000632939 = {
						CreatedOnToolsVersion = 7.3.1;
					};
					741440A61D0FDFED00632939 = {
						CreatedOnToolsVersion = 7.3.1;
					};
					7481CA891CF542D700B320FC = {
						CreatedOnToolsVersion = 7.3.1;
					};
				};
			};
			buildConfigurationList = 740BA7481CE029180019AAA0 /* Build configuration list for PBXProject "Demo" */;
			compatibilityVersion = "Xcode 3.2";
			developmentRegion = English;
			hasScannedForEncodings = 0;
			knownRegions = (
				en,
				Base,
			);
			mainGroup = 740BA7441CE029180019AAA0;
			productRefGroup = 740BA74E1CE029180019AAA0 /* Products */;
			projectDirPath = "";
			projectRoot = "";
			targets = (
				740BA74C1CE029180019AAA0 /* Demo */,
				740BA7651CE02B240019AAA0 /* CarouselViewDemo */,
				740BA77D1CE089DC0019AAA0 /* Expandable_TableView */,
				7481CA891CF542D700B320FC /* TableSearch */,
				741440901D0FDF2000632939 /* PresentViewController */,
				741440A61D0FDFED00632939 /* PresentationController */,
			);
		};
/* End PBXProject section */

/* Begin PBXResourcesBuildPhase section */
		740BA74B1CE029180019AAA0 /* Resources */ = {
			isa = PBXResourcesBuildPhase;
			buildActionMask = 2147483647;
			files = (
				740BA75B1CE029180019AAA0 /* LaunchScreen.storyboard in Resources */,
				740BA7581CE029180019AAA0 /* Assets.xcassets in Resources */,
				740BA7561CE029180019AAA0 /* Main.storyboard in Resources */,
			);
			runOnlyForDeploymentPostprocessing = 0;
		};
		740BA7641CE02B240019AAA0 /* Resources */ = {
			isa = PBXResourcesBuildPhase;
			buildActionMask = 2147483647;
			files = (
				740BA7731CE02B240019AAA0 /* LaunchScreen.storyboard in Resources */,
				740BA7701CE02B240019AAA0 /* Assets.xcassets in Resources */,
				740BA76E1CE02B240019AAA0 /* Main.storyboard in Resources */,
			);
			runOnlyForDeploymentPostprocessing = 0;
		};
		740BA77C1CE089DC0019AAA0 /* Resources */ = {
			isa = PBXResourcesBuildPhase;
			buildActionMask = 2147483647;
			files = (
				740BA78B1CE089DC0019AAA0 /* LaunchScreen.storyboard in Resources */,
				740BA7881CE089DC0019AAA0 /* Assets.xcassets in Resources */,
				740BA7861CE089DC0019AAA0 /* Main.storyboard in Resources */,
				74A35F331CE0DD6300C62F1D /* HeaderView.xib in Resources */,
			);
			runOnlyForDeploymentPostprocessing = 0;
		};
		7414408F1D0FDF2000632939 /* Resources */ = {
			isa = PBXResourcesBuildPhase;
			buildActionMask = 2147483647;
			files = (
			);
			runOnlyForDeploymentPostprocessing = 0;
		};
		741440A51D0FDFED00632939 /* Resources */ = {
			isa = PBXResourcesBuildPhase;
			buildActionMask = 2147483647;
			files = (
				741440B41D0FDFED00632939 /* LaunchScreen.storyboard in Resources */,
				741440B11D0FDFED00632939 /* Assets.xcassets in Resources */,
				741440AF1D0FDFED00632939 /* Main.storyboard in Resources */,
			);
			runOnlyForDeploymentPostprocessing = 0;
		};
		7481CA881CF542D700B320FC /* Resources */ = {
			isa = PBXResourcesBuildPhase;
			buildActionMask = 2147483647;
			files = (
				7481CA971CF542D700B320FC /* LaunchScreen.storyboard in Resources */,
				7481CA941CF542D700B320FC /* Assets.xcassets in Resources */,
				7481CAA71CF57D4200B320FC /* TableCell.xib in Resources */,
				7481CA921CF542D700B320FC /* Main.storyboard in Resources */,
			);
			runOnlyForDeploymentPostprocessing = 0;
		};
/* End PBXResourcesBuildPhase section */

/* Begin PBXSourcesBuildPhase section */
		740BA7491CE029180019AAA0 /* Sources */ = {
			isa = PBXSourcesBuildPhase;
			buildActionMask = 2147483647;
			files = (
				740BA7531CE029180019AAA0 /* ViewController.swift in Sources */,
				740BA7511CE029180019AAA0 /* AppDelegate.swift in Sources */,
			);
			runOnlyForDeploymentPostprocessing = 0;
		};
		740BA7621CE02B240019AAA0 /* Sources */ = {
			isa = PBXSourcesBuildPhase;
			buildActionMask = 2147483647;
			files = (
				740BA76B1CE02B240019AAA0 /* ViewController.swift in Sources */,
				740BA7791CE02B630019AAA0 /* CXYCarouselView.swift in Sources */,
				740BA7691CE02B240019AAA0 /* AppDelegate.swift in Sources */,
			);
			runOnlyForDeploymentPostprocessing = 0;
		};
		740BA77A1CE089DC0019AAA0 /* Sources */ = {
			isa = PBXSourcesBuildPhase;
			buildActionMask = 2147483647;
			files = (
				74A35F311CE0DD3E00C62F1D /* HeaderView.swift in Sources */,
				740BA7811CE089DC0019AAA0 /* AppDelegate.swift in Sources */,
				740BA7911CE08A9B0019AAA0 /* SectionController.swift in Sources */,
			);
			runOnlyForDeploymentPostprocessing = 0;
		};
		7414408D1D0FDF2000632939 /* Sources */ = {
			isa = PBXSourcesBuildPhase;
			buildActionMask = 2147483647;
			files = (
			);
			runOnlyForDeploymentPostprocessing = 0;
		};
		741440A31D0FDFED00632939 /* Sources */ = {
			isa = PBXSourcesBuildPhase;
			buildActionMask = 2147483647;
			files = (
				741440BE1D0FE3B300632939 /* MyPresentationController.swift in Sources */,
				741440BA1D0FE35A00632939 /* PresentingController.swift in Sources */,
				741440BC1D0FE36B00632939 /* PresentedController.swift in Sources */,
				743CB8D01D16894200F7A057 /* MyDismissAnimatedTransitioning.swift in Sources */,
				741440AA1D0FDFED00632939 /* AppDelegate.swift in Sources */,
				743CB8CE1D16892800F7A057 /* MyPresentAnimatedTransitioning.swift in Sources */,
			);
			runOnlyForDeploymentPostprocessing = 0;
		};
		7481CA861CF542D700B320FC /* Sources */ = {
			isa = PBXSourcesBuildPhase;
			buildActionMask = 2147483647;
			files = (
				7481CA9D1CF5431100B320FC /* BaseTableViewController.swift in Sources */,
				7481CAA51CF5795100B320FC /* Member.swift in Sources */,
				7481CA8D1CF542D700B320FC /* AppDelegate.swift in Sources */,
				7481CAA11CF5784700B320FC /* ResultsViewController.swift in Sources */,
				7481CA9F1CF5781200B320FC /* MainViewController.swift in Sources */,
			);
			runOnlyForDeploymentPostprocessing = 0;
		};
/* End PBXSourcesBuildPhase section */

/* Begin PBXVariantGroup section */
		740BA7541CE029180019AAA0 /* Main.storyboard */ = {
			isa = PBXVariantGroup;
			children = (
				740BA7551CE029180019AAA0 /* Base */,
			);
			name = Main.storyboard;
			sourceTree = "<group>";
		};
		740BA7591CE029180019AAA0 /* LaunchScreen.storyboard */ = {
			isa = PBXVariantGroup;
			children = (
				740BA75A1CE029180019AAA0 /* Base */,
			);
			name = LaunchScreen.storyboard;
			sourceTree = "<group>";
		};
		740BA76C1CE02B240019AAA0 /* Main.storyboard */ = {
			isa = PBXVariantGroup;
			children = (
				740BA76D1CE02B240019AAA0 /* Base */,
			);
			name = Main.storyboard;
			sourceTree = "<group>";
		};
		740BA7711CE02B240019AAA0 /* LaunchScreen.storyboard */ = {
			isa = PBXVariantGroup;
			children = (
				740BA7721CE02B240019AAA0 /* Base */,
			);
			name = LaunchScreen.storyboard;
			sourceTree = "<group>";
		};
		740BA7841CE089DC0019AAA0 /* Main.storyboard */ = {
			isa = PBXVariantGroup;
			children = (
				740BA7851CE089DC0019AAA0 /* Base */,
			);
			name = Main.storyboard;
			sourceTree = "<group>";
		};
		740BA7891CE089DC0019AAA0 /* LaunchScreen.storyboard */ = {
			isa = PBXVariantGroup;
			children = (
				740BA78A1CE089DC0019AAA0 /* Base */,
			);
			name = LaunchScreen.storyboard;
			sourceTree = "<group>";
		};
		741440AD1D0FDFED00632939 /* Main.storyboard */ = {
			isa = PBXVariantGroup;
			children = (
				741440AE1D0FDFED00632939 /* Base */,
			);
			name = Main.storyboard;
			sourceTree = "<group>";
		};
		741440B21D0FDFED00632939 /* LaunchScreen.storyboard */ = {
			isa = PBXVariantGroup;
			children = (
				741440B31D0FDFED00632939 /* Base */,
			);
			name = LaunchScreen.storyboard;
			sourceTree = "<group>";
		};
		7481CA901CF542D700B320FC /* Main.storyboard */ = {
			isa = PBXVariantGroup;
			children = (
				7481CA911CF542D700B320FC /* Base */,
			);
			name = Main.storyboard;
			sourceTree = "<group>";
		};
		7481CA951CF542D700B320FC /* LaunchScreen.storyboard */ = {
			isa = PBXVariantGroup;
			children = (
				7481CA961CF542D700B320FC /* Base */,
			);
			name = LaunchScreen.storyboard;
			sourceTree = "<group>";
		};
/* End PBXVariantGroup section */

/* Begin XCBuildConfiguration section */
		740BA75D1CE029180019AAA0 /* Debug */ = {
			isa = XCBuildConfiguration;
			buildSettings = {
				ALWAYS_SEARCH_USER_PATHS = NO;
				CLANG_ANALYZER_NONNULL = YES;
				CLANG_CXX_LANGUAGE_STANDARD = "gnu++0x";
				CLANG_CXX_LIBRARY = "libc++";
				CLANG_ENABLE_MODULES = YES;
				CLANG_ENABLE_OBJC_ARC = YES;
				CLANG_WARN_BOOL_CONVERSION = YES;
				CLANG_WARN_CONSTANT_CONVERSION = YES;
				CLANG_WARN_DIRECT_OBJC_ISA_USAGE = YES_ERROR;
				CLANG_WARN_EMPTY_BODY = YES;
				CLANG_WARN_ENUM_CONVERSION = YES;
				CLANG_WARN_INT_CONVERSION = YES;
				CLANG_WARN_OBJC_ROOT_CLASS = YES_ERROR;
				CLANG_WARN_UNREACHABLE_CODE = YES;
				CLANG_WARN__DUPLICATE_METHOD_MATCH = YES;
				"CODE_SIGN_IDENTITY[sdk=iphoneos*]" = "iPhone Developer";
				COPY_PHASE_STRIP = NO;
				DEBUG_INFORMATION_FORMAT = dwarf;
				ENABLE_STRICT_OBJC_MSGSEND = YES;
				ENABLE_TESTABILITY = YES;
				GCC_C_LANGUAGE_STANDARD = gnu99;
				GCC_DYNAMIC_NO_PIC = NO;
				GCC_NO_COMMON_BLOCKS = YES;
				GCC_OPTIMIZATION_LEVEL = 0;
				GCC_PREPROCESSOR_DEFINITIONS = (
					"DEBUG=1",
					"$(inherited)",
				);
				GCC_WARN_64_TO_32_BIT_CONVERSION = YES;
				GCC_WARN_ABOUT_RETURN_TYPE = YES_ERROR;
				GCC_WARN_UNDECLARED_SELECTOR = YES;
				GCC_WARN_UNINITIALIZED_AUTOS = YES_AGGRESSIVE;
				GCC_WARN_UNUSED_FUNCTION = YES;
				GCC_WARN_UNUSED_VARIABLE = YES;
				IPHONEOS_DEPLOYMENT_TARGET = 9.3;
				MTL_ENABLE_DEBUG_INFO = YES;
				ONLY_ACTIVE_ARCH = YES;
				SDKROOT = iphoneos;
				SWIFT_OPTIMIZATION_LEVEL = "-Onone";
				TARGETED_DEVICE_FAMILY = "1,2";
			};
			name = Debug;
		};
		740BA75E1CE029180019AAA0 /* Release */ = {
			isa = XCBuildConfiguration;
			buildSettings = {
				ALWAYS_SEARCH_USER_PATHS = NO;
				CLANG_ANALYZER_NONNULL = YES;
				CLANG_CXX_LANGUAGE_STANDARD = "gnu++0x";
				CLANG_CXX_LIBRARY = "libc++";
				CLANG_ENABLE_MODULES = YES;
				CLANG_ENABLE_OBJC_ARC = YES;
				CLANG_WARN_BOOL_CONVERSION = YES;
				CLANG_WARN_CONSTANT_CONVERSION = YES;
				CLANG_WARN_DIRECT_OBJC_ISA_USAGE = YES_ERROR;
				CLANG_WARN_EMPTY_BODY = YES;
				CLANG_WARN_ENUM_CONVERSION = YES;
				CLANG_WARN_INT_CONVERSION = YES;
				CLANG_WARN_OBJC_ROOT_CLASS = YES_ERROR;
				CLANG_WARN_UNREACHABLE_CODE = YES;
				CLANG_WARN__DUPLICATE_METHOD_MATCH = YES;
				"CODE_SIGN_IDENTITY[sdk=iphoneos*]" = "iPhone Developer";
				COPY_PHASE_STRIP = NO;
				DEBUG_INFORMATION_FORMAT = "dwarf-with-dsym";
				ENABLE_NS_ASSERTIONS = NO;
				ENABLE_STRICT_OBJC_MSGSEND = YES;
				GCC_C_LANGUAGE_STANDARD = gnu99;
				GCC_NO_COMMON_BLOCKS = YES;
				GCC_WARN_64_TO_32_BIT_CONVERSION = YES;
				GCC_WARN_ABOUT_RETURN_TYPE = YES_ERROR;
				GCC_WARN_UNDECLARED_SELECTOR = YES;
				GCC_WARN_UNINITIALIZED_AUTOS = YES_AGGRESSIVE;
				GCC_WARN_UNUSED_FUNCTION = YES;
				GCC_WARN_UNUSED_VARIABLE = YES;
				IPHONEOS_DEPLOYMENT_TARGET = 9.3;
				MTL_ENABLE_DEBUG_INFO = NO;
				SDKROOT = iphoneos;
				TARGETED_DEVICE_FAMILY = "1,2";
				VALIDATE_PRODUCT = YES;
			};
			name = Release;
		};
		740BA7601CE029180019AAA0 /* Debug */ = {
			isa = XCBuildConfiguration;
			buildSettings = {
				ASSETCATALOG_COMPILER_APPICON_NAME = AppIcon;
				INFOPLIST_FILE = Demo/Info.plist;
				LD_RUNPATH_SEARCH_PATHS = "$(inherited) @executable_path/Frameworks";
				PRODUCT_BUNDLE_IDENTIFIER = cxy.Demo;
				PRODUCT_NAME = "$(TARGET_NAME)";
			};
			name = Debug;
		};
		740BA7611CE029180019AAA0 /* Release */ = {
			isa = XCBuildConfiguration;
			buildSettings = {
				ASSETCATALOG_COMPILER_APPICON_NAME = AppIcon;
				INFOPLIST_FILE = Demo/Info.plist;
				LD_RUNPATH_SEARCH_PATHS = "$(inherited) @executable_path/Frameworks";
				PRODUCT_BUNDLE_IDENTIFIER = cxy.Demo;
				PRODUCT_NAME = "$(TARGET_NAME)";
			};
			name = Release;
		};
		740BA7761CE02B240019AAA0 /* Debug */ = {
			isa = XCBuildConfiguration;
			buildSettings = {
				ASSETCATALOG_COMPILER_APPICON_NAME = AppIcon;
				INFOPLIST_FILE = CarouselViewDemo/Info.plist;
				LD_RUNPATH_SEARCH_PATHS = "$(inherited) @executable_path/Frameworks";
				PRODUCT_BUNDLE_IDENTIFIER = cxy.CarouselViewDemo;
				PRODUCT_NAME = "$(TARGET_NAME)";
			};
			name = Debug;
		};
		740BA7771CE02B240019AAA0 /* Release */ = {
			isa = XCBuildConfiguration;
			buildSettings = {
				ASSETCATALOG_COMPILER_APPICON_NAME = AppIcon;
				INFOPLIST_FILE = CarouselViewDemo/Info.plist;
				LD_RUNPATH_SEARCH_PATHS = "$(inherited) @executable_path/Frameworks";
				PRODUCT_BUNDLE_IDENTIFIER = cxy.CarouselViewDemo;
				PRODUCT_NAME = "$(TARGET_NAME)";
			};
			name = Release;
		};
		740BA78E1CE089DC0019AAA0 /* Debug */ = {
			isa = XCBuildConfiguration;
			buildSettings = {
				ASSETCATALOG_COMPILER_APPICON_NAME = AppIcon;
				INFOPLIST_FILE = Expandable_TableView/Info.plist;
				LD_RUNPATH_SEARCH_PATHS = "$(inherited) @executable_path/Frameworks";
				PRODUCT_BUNDLE_IDENTIFIER = "cxy.Expandable-TableView";
				PRODUCT_NAME = "$(TARGET_NAME)";
			};
			name = Debug;
		};
		740BA78F1CE089DC0019AAA0 /* Release */ = {
			isa = XCBuildConfiguration;
			buildSettings = {
				ASSETCATALOG_COMPILER_APPICON_NAME = AppIcon;
				INFOPLIST_FILE = Expandable_TableView/Info.plist;
				LD_RUNPATH_SEARCH_PATHS = "$(inherited) @executable_path/Frameworks";
				PRODUCT_BUNDLE_IDENTIFIER = "cxy.Expandable-TableView";
				PRODUCT_NAME = "$(TARGET_NAME)";
			};
			name = Release;
		};
		741440A01D0FDF2000632939 /* Debug */ = {
			isa = XCBuildConfiguration;
			buildSettings = {
				ASSETCATALOG_COMPILER_APPICON_NAME = AppIcon;
				INFOPLIST_FILE = PresentViewController/Info.plist;
				LD_RUNPATH_SEARCH_PATHS = "$(inherited) @executable_path/Frameworks";
				PRODUCT_BUNDLE_IDENTIFIER = cxy.PresentViewController;
				PRODUCT_NAME = "$(TARGET_NAME)";
			};
			name = Debug;
		};
		741440A11D0FDF2000632939 /* Release */ = {
			isa = XCBuildConfiguration;
			buildSettings = {
				ASSETCATALOG_COMPILER_APPICON_NAME = AppIcon;
				INFOPLIST_FILE = PresentViewController/Info.plist;
				LD_RUNPATH_SEARCH_PATHS = "$(inherited) @executable_path/Frameworks";
				PRODUCT_BUNDLE_IDENTIFIER = cxy.PresentViewController;
				PRODUCT_NAME = "$(TARGET_NAME)";
			};
			name = Release;
		};
		741440B71D0FDFED00632939 /* Debug */ = {
			isa = XCBuildConfiguration;
			buildSettings = {
				ASSETCATALOG_COMPILER_APPICON_NAME = AppIcon;
				INFOPLIST_FILE = PresentationController/Info.plist;
				LD_RUNPATH_SEARCH_PATHS = "$(inherited) @executable_path/Frameworks";
				PRODUCT_BUNDLE_IDENTIFIER = cxy.PresentationController;
				PRODUCT_NAME = "$(TARGET_NAME)";
			};
			name = Debug;
		};
		741440B81D0FDFED00632939 /* Release */ = {
			isa = XCBuildConfiguration;
			buildSettings = {
				ASSETCATALOG_COMPILER_APPICON_NAME = AppIcon;
				INFOPLIST_FILE = PresentationController/Info.plist;
				LD_RUNPATH_SEARCH_PATHS = "$(inherited) @executable_path/Frameworks";
				PRODUCT_BUNDLE_IDENTIFIER = cxy.PresentationController;
				PRODUCT_NAME = "$(TARGET_NAME)";
			};
			name = Release;
		};
		7481CA991CF542D700B320FC /* Debug */ = {
			isa = XCBuildConfiguration;
			buildSettings = {
				ASSETCATALOG_COMPILER_APPICON_NAME = AppIcon;
				INFOPLIST_FILE = TableSearch/Info.plist;
				LD_RUNPATH_SEARCH_PATHS = "$(inherited) @executable_path/Frameworks";
				PRODUCT_BUNDLE_IDENTIFIER = cxy.TableSearch;
				PRODUCT_NAME = "$(TARGET_NAME)";
			};
			name = Debug;
		};
		7481CA9A1CF542D700B320FC /* Release */ = {
			isa = XCBuildConfiguration;
			buildSettings = {
				ASSETCATALOG_COMPILER_APPICON_NAME = AppIcon;
				INFOPLIST_FILE = TableSearch/Info.plist;
				LD_RUNPATH_SEARCH_PATHS = "$(inherited) @executable_path/Frameworks";
				PRODUCT_BUNDLE_IDENTIFIER = cxy.TableSearch;
				PRODUCT_NAME = "$(TARGET_NAME)";
			};
			name = Release;
		};
/* End XCBuildConfiguration section */

/* Begin XCConfigurationList section */
		740BA7481CE029180019AAA0 /* Build configuration list for PBXProject "Demo" */ = {
			isa = XCConfigurationList;
			buildConfigurations = (
				740BA75D1CE029180019AAA0 /* Debug */,
				740BA75E1CE029180019AAA0 /* Release */,
			);
			defaultConfigurationIsVisible = 0;
			defaultConfigurationName = Release;
		};
		740BA75F1CE029180019AAA0 /* Build configuration list for PBXNativeTarget "Demo" */ = {
			isa = XCConfigurationList;
			buildConfigurations = (
				740BA7601CE029180019AAA0 /* Debug */,
				740BA7611CE029180019AAA0 /* Release */,
			);
			defaultConfigurationIsVisible = 0;
			defaultConfigurationName = Release;
		};
		740BA7751CE02B240019AAA0 /* Build configuration list for PBXNativeTarget "CarouselViewDemo" */ = {
			isa = XCConfigurationList;
			buildConfigurations = (
				740BA7761CE02B240019AAA0 /* Debug */,
				740BA7771CE02B240019AAA0 /* Release */,
			);
			defaultConfigurationIsVisible = 0;
			defaultConfigurationName = Release;
		};
		740BA78D1CE089DC0019AAA0 /* Build configuration list for PBXNativeTarget "Expandable_TableView" */ = {
			isa = XCConfigurationList;
			buildConfigurations = (
				740BA78E1CE089DC0019AAA0 /* Debug */,
				740BA78F1CE089DC0019AAA0 /* Release */,
			);
			defaultConfigurationIsVisible = 0;
			defaultConfigurationName = Release;
		};
		741440A21D0FDF2000632939 /* Build configuration list for PBXNativeTarget "PresentViewController" */ = {
			isa = XCConfigurationList;
			buildConfigurations = (
				741440A01D0FDF2000632939 /* Debug */,
				741440A11D0FDF2000632939 /* Release */,
			);
			defaultConfigurationIsVisible = 0;
			defaultConfigurationName = Release;
		};
		741440B61D0FDFED00632939 /* Build configuration list for PBXNativeTarget "PresentationController" */ = {
			isa = XCConfigurationList;
			buildConfigurations = (
				741440B71D0FDFED00632939 /* Debug */,
				741440B81D0FDFED00632939 /* Release */,
			);
			defaultConfigurationIsVisible = 0;
			defaultConfigurationName = Release;
		};
		7481CA9B1CF542D700B320FC /* Build configuration list for PBXNativeTarget "TableSearch" */ = {
			isa = XCConfigurationList;
			buildConfigurations = (
				7481CA991CF542D700B320FC /* Debug */,
				7481CA9A1CF542D700B320FC /* Release */,
			);
			defaultConfigurationIsVisible = 0;
			defaultConfigurationName = Release;
		};
/* End XCConfigurationList section */
	};
	rootObject = 740BA7451CE029180019AAA0 /* Project object */;
}
